
Microsoft Visual Studio Solution File, Format Version 12.00
# Visual Studio Version 17
VisualStudioVersion = 17.1.32414.318
MinimumVisualStudioVersion = 10.0.40219.1
Project("{9A19103F-16F7-4668-BE54-9A1E7A4F7556}") = "ArmaReforger.WorkshopBrowser.Server", "ArmaReforger.WorkshopBrowser\Server\ArmaReforger.WorkshopBrowser.Server.csproj", "{1EFFBA74-0CE6-4E26-946D-5EFE9FD68FA0}"
EndProject
Project("{9A19103F-16F7-4668-BE54-9A1E7A4F7556}") = "ArmaReforger.WorkshopBrowser.Client", "ArmaReforger.WorkshopBrowser\Client\ArmaReforger.WorkshopBrowser.Client.csproj", "{1859B8A4-0EB0-4079-A638-2FD3301AEEF5}"
EndProject
Project("{9A19103F-16F7-4668-BE54-9A1E7A4F7556}") = "ArmaReforger.WorkshopBrowser.Shared", "ArmaReforger.WorkshopBrowser\Shared\ArmaReforger.WorkshopBrowser.Shared.csproj", "{870932E2-CD09-4057-8DC2-D64BEDF114C4}"
EndProject
Project("{2150E333-8FDC-42A3-9474-1A3956D46DE8}") = "Solution Items", "Solution Items", "{0089CB04-0223-4552-9353-CE5A4250D330}"
	ProjectSection(SolutionItems) = preProject
		.dockerignore = .dockerignore
		.github\workflows\Deploy.yml = .github\workflows\Deploy.yml
		.github\workflows\DeployImage.yml = .github\workflows\DeployImage.yml
		Dockerfile = Dockerfile
	EndProjectSection
EndProject
Global
	GlobalSection(SolutionConfigurationPlatforms) = preSolution
		Debug|Any CPU = Debug|Any CPU
		Release|Any CPU = Release|Any CPU
	EndGlobalSection
	GlobalSection(ProjectConfigurationPlatforms) = postSolution
		{1EFFBA74-0CE6-4E26-946D-5EFE9FD68FA0}.Debug|Any CPU.ActiveCfg = Debug|Any CPU
		{1EFFBA74-0CE6-4E26-946D-5EFE9FD68FA0}.Debug|Any CPU.Build.0 = Debug|Any CPU
		{1EFFBA74-0CE6-4E26-946D-5EFE9FD68FA0}.Release|Any CPU.ActiveCfg = Release|Any CPU
		{1EFFBA74-0CE6-4E26-946D-5EFE9FD68FA0}.Release|Any CPU.Build.0 = Release|Any CPU
		{1859B8A4-0EB0-4079-A638-2FD3301AEEF5}.Debug|Any CPU.ActiveCfg = Debug|Any CPU
		{1859B8A4-0EB0-4079-A638-2FD3301AEEF5}.Debug|Any CPU.Build.0 = Debug|Any CPU
		{1859B8A4-0EB0-4079-A638-2FD3301AEEF5}.Release|Any CPU.ActiveCfg = Release|Any CPU
		{1859B8A4-0EB0-4079-A638-2FD3301AEEF5}.Release|Any CPU.Build.0 = Release|Any CPU
		{870932E2-CD09-4057-8DC2-D64BEDF114C4}.Debug|Any CPU.ActiveCfg = Debug|Any CPU
		{870932E2-CD09-4057-8DC2-D64BEDF114C4}.Debug|Any CPU.Build.0 = Debug|Any CPU
		{870932E2-CD09-4057-8DC2-D64BEDF114C4}.Release|Any CPU.ActiveCfg = Release|Any CPU
		{870932E2-CD09-4057-8DC2-D64BEDF114C4}.Release|Any CPU.Build.0 = Release|Any CPU
	EndGlobalSection
	GlobalSection(SolutionProperties) = preSolution
		HideSolutionNode = FALSE
	EndGlobalSection
	GlobalSection(ExtensibilityGlobals) = postSolution
		SolutionGuid = {19412CC6-CBE1-4F9E-A152-A93453CD8B23}
	EndGlobalSection
EndGlobal
